Microsoft Visual Studio Solution File, Format Version 12.00
# Visual Studio Version 17
VisualStudioVersion = 17.5.2.0
MinimumVisualStudioVersion = 10.0.40219.1
Project("{FAE04EC0-301F-11D3-BF4B-00C04F79EFBC}") = "Luley-Integracion-Net", "Luley-Integracion-Net.csproj", "{9472F5BC-F83A-162B-32CA-98D6A863BE1E}"
EndProject
Global
	GlobalSection(SolutionConfigurationPlatforms) = preSolution
		Debug|Any CPU = Debug|Any CPU
		Release|Any CPU = Release|Any CPU
	EndGlobalSection
	GlobalSection(ProjectConfigurationPlatforms) = postSolution
		{9472F5BC-F83A-162B-32CA-98D6A863BE1E}.Debug|Any CPU.ActiveCfg = Debug|Any CPU
		{9472F5BC-F83A-162B-32CA-98D6A863BE1E}.Debug|Any CPU.Build.0 = Debug|Any CPU
		{9472F5BC-F83A-162B-32CA-98D6A863BE1E}.Release|Any CPU.ActiveCfg = Release|Any CPU
		{9472F5BC-F83A-162B-32CA-98D6A863BE1E}.Release|Any CPU.Build.0 = Release|Any CPU
	EndGlobalSection
	GlobalSection(SolutionProperties) = preSolution
		HideSolutionNode = FALSE
	EndGlobalSection
	GlobalSection(ExtensibilityGlobals) = postSolution
		SolutionGuid = {4768507F-B925-4032-A1C6-F080BF6D6F00}
	EndGlobalSection
EndGlobal
